dependencies:
  idf:
    source:
      type: idf
    version: 5.4.1
  lvgl/lvgl:
    component_hash: b702d642e03e95928046d5c6726558e6444e112420c77efa5fdb6650b0a13c5d
    dependencies: []
    source:
      registry_url: https://components.espressif.com/
      type: service
    version: 9.3.0
  protocol_examples_common:
    dependencies: []
    source:
      path: C:\Users\panta\esp\esp-idf\examples\common_components\protocol_examples_common
      type: local
    version: '*'
  tny-robotics/sh1106-esp-idf:
    component_hash: 7be190d7c58cd635adf8b74b3a841f8245f2f82f36d135a64d8e53cfab39124d
    dependencies: []
    source:
      registry_url: https://components.espressif.com/
      type: service
    version: 1.0.0
  zorxx/dht:
    component_hash: 6a5e699b15509d99b90352694e23beb6646855486eb3bafefd1d50058d474e98
    dependencies: []
    source:
      registry_url: https://components.espressif.com/
      type: service
    version: 1.0.1
direct_dependencies:
- lvgl/lvgl
- protocol_examples_common
- tny-robotics/sh1106-esp-idf
- zorxx/dht
manifest_hash: 9f5c02ee09390b26d57365e0524ef30d770cfdb2d02da3d5cfeb16b66b12c1f4
target: esp32
version: 2.0.0
